// !$*UTF8*$!
{
	archiveVersion = 1;
	classes = {
	};
	objectVersion = 77;
	objects = {

/* Begin PBXBuildFile section */
		289291332E1B0FC200E0478F /* WidgetKit.framework in Frameworks */ = {isa = PBXBuildFile; fileRef = 28DEBE2B2E19FEC500E9D788 /* WidgetKit.framework */; };
		289291342E1B0FC200E0478F /* SwiftUI.framework in Frameworks */ = {isa = PBXBuildFile; fileRef = 28DEBE2D2E19FEC500E9D788 /* SwiftUI.framework */; };
		2892913F2E1B0FC400E0478F /* OrhadiWidgetExtension.appex in Embed Foundation Extensions */ = {isa = PBXBuildFile; fileRef = 289291322E1B0FC200E0478F /* OrhadiWidgetExtension.appex */; settings = {ATTRIBUTES = (RemoveHeadersOnCopy, ); }; };
		28BD45F42DAAF6BC00B916B1 /* MarkdownUI in Frameworks */ = {isa = PBXBuildFile; productRef = 28BD45F32DAAF6BC00B916B1 /* MarkdownUI */; };
		28C7B7F62DC5863900916934 /* PopupView in Frameworks */ = {isa = PBXBuildFile; productRef = 28C7B7F52DC5863900916934 /* PopupView */; };
/* End PBXBuildFile section */

/* Begin PBXContainerItemProxy section */
		28453A272DB997C400AE5079 /* PBXContainerItemProxy */ = {
			isa = PBXContainerItemProxy;
			containerPortal = 2804F4D02D92275700649FD0 /* Project object */;
			proxyType = 1;
			remoteGlobalIDString = 2804F4D72D92275700649FD0;
			remoteInfo = Orhadi;
		};
		2892913D2E1B0FC400E0478F /* PBXContainerItemProxy */ = {
			isa = PBXContainerItemProxy;
			containerPortal = 2804F4D02D92275700649FD0 /* Project object */;
			proxyType = 1;
			remoteGlobalIDString = 289291312E1B0FC200E0478F;
			remoteInfo = OrhadiWidgetExtension;
		};
/* End PBXContainerItemProxy section */

/* Begin PBXCopyFilesBuildPhase section */
		28DEBE422E19FEC700E9D788 /* Embed Foundation Extensions */ = {
			isa = PBXCopyFilesBuildPhase;
			buildActionMask = 2147483647;
			dstPath = "";
			dstSubfolderSpec = 13;
			files = (
				2892913F2E1B0FC400E0478F /* OrhadiWidgetExtension.appex in Embed Foundation Extensions */,
			);
			name = "Embed Foundation Extensions";
			runOnlyForDeploymentPostprocessing = 0;
		};
/* End PBXCopyFilesBuildPhase section */

/* Begin PBXFileReference section */
		2804F4D82D92275700649FD0 /* Orhadi.app */ = {isa = PBXFileReference; explicitFileType = wrapper.application; includeInIndex = 0; path = Orhadi.app; sourceTree = BUILT_PRODUCTS_DIR; };
		28453A232DB997C400AE5079 /* OrhadiTests.xctest */ = {isa = PBXFileReference; explicitFileType = wrapper.cfbundle; includeInIndex = 0; path = OrhadiTests.xctest; sourceTree = BUILT_PRODUCTS_DIR; };
		289291322E1B0FC200E0478F /* OrhadiWidgetExtension.appex */ = {isa = PBXFileReference; explicitFileType = "wrapper.app-extension"; includeInIndex = 0; path = OrhadiWidgetExtension.appex; sourceTree = BUILT_PRODUCTS_DIR; };
		28DEBE2B2E19FEC500E9D788 /* WidgetKit.framework */ = {isa = PBXFileReference; lastKnownFileType = wrapper.framework; name = WidgetKit.framework; path = System/Library/Frameworks/WidgetKit.framework; sourceTree = SDKROOT; };
		28DEBE2D2E19FEC500E9D788 /* SwiftUI.framework */ = {isa = PBXFileReference; lastKnownFileType = wrapper.framework; name = SwiftUI.framework; path = System/Library/Frameworks/SwiftUI.framework; sourceTree = SDKROOT; };
/* End PBXFileReference section */

/* Begin PBXFileSystemSynchronizedBuildFileExceptionSet section */
		289291432E1B0FC400E0478F /* Exceptions for "OrhadiWidget" folder in "OrhadiWidgetExtension" target */ = {
			isa = PBXFileSystemSynchronizedBuildFileExceptionSet;
			membershipExceptions = (
				Info.plist,
			);
			target = 289291312E1B0FC200E0478F /* OrhadiWidgetExtension */;
		};
		289291452E1B0FDA00E0478F /* Exceptions for "Orhadi" folder in "OrhadiWidgetExtension" target */ = {
			isa = PBXFileSystemSynchronizedBuildFileExceptionSet;
			membershipExceptions = (
				"Core/Extensions/Date+Extensions.swift",
				"Core/Extensions/String+Extensions.swift",
				"Core/Extensions/ToDo+Extensions.swift",
				Core/Utilities/AppEnums.swift,
				Core/Utilities/Backport.swift,
				Core/Utilities/CleanOldDeleted.swift,
				Core/Utilities/CreateContainer.swift,
				Core/Utilities/DeviceInfoProvider.swift,
				Core/Utilities/NotificationsManager.swift,
				Core/Utilities/SubjectConflictVerifier.swift,
				Services/Persistence/MigrationPlan.swift,
				Services/Persistence/Schemas/OrhadiSchemaV1.swift,
			);
			target = 289291312E1B0FC200E0478F /* OrhadiWidgetExtension */;
		};
		EE7EBA242E91D4E700F07BBC /* Exceptions for "Resources" folder in "OrhadiWidgetExtension" target */ = {
			isa = PBXFileSystemSynchronizedBuildFileExceptionSet;
			membershipExceptions = (
				Localizable.xcstrings,
			);
			target = 289291312E1B0FC200E0478F /* OrhadiWidgetExtension */;
		};
/* End PBXFileSystemSynchronizedBuildFileExceptionSet section */

/* Begin PBXFileSystemSynchronizedRootGroup section */
		2804F4DA2D92275700649FD0 /* Orhadi */ = {
			isa = PBXFileSystemSynchronizedRootGroup;
			exceptions = (
				289291452E1B0FDA00E0478F /* Exceptions for "Orhadi" folder in "OrhadiWidgetExtension" target */,
			);
			path = Orhadi;
			sourceTree = "<group>";
		};
		28453A242DB997C400AE5079 /* Tests */ = {
			isa = PBXFileSystemSynchronizedRootGroup;
			path = Tests;
			sourceTree = "<group>";
		};
		285D39B32DBD2C5300CDC4D0 /* Resources */ = {
			isa = PBXFileSystemSynchronizedRootGroup;
			exceptions = (
				EE7EBA242E91D4E700F07BBC /* Exceptions for "Resources" folder in "OrhadiWidgetExtension" target */,
			);
			path = Resources;
			sourceTree = "<group>";
		};
		289291352E1B0FC200E0478F /* OrhadiWidget */ = {
			isa = PBXFileSystemSynchronizedRootGroup;
			exceptions = (
				289291432E1B0FC400E0478F /* Exceptions for "OrhadiWidget" folder in "OrhadiWidgetExtension" target */,
			);
			path = OrhadiWidget;
			sourceTree = "<group>";
		};
/* End PBXFileSystemSynchronizedRootGroup section */

/* Begin PBXFrameworksBuildPhase section */
		2804F4D52D92275700649FD0 /* Frameworks */ = {
			isa = PBXFrameworksBuildPhase;
			buildActionMask = 2147483647;
			files = (
				28C7B7F62DC5863900916934 /* PopupView in Frameworks */,
				28BD45F42DAAF6BC00B916B1 /* MarkdownUI in Frameworks */,
			);
			runOnlyForDeploymentPostprocessing = 0;
		};
		28453A202DB997C400AE5079 /* Frameworks */ = {
			isa = PBXFrameworksBuildPhase;
			buildActionMask = 2147483647;
			files = (
			);
			runOnlyForDeploymentPostprocessing = 0;
		};
		2892912F2E1B0FC200E0478F /* Frameworks */ = {
			isa = PBXFrameworksBuildPhase;
			buildActionMask = 2147483647;
			files = (
				289291342E1B0FC200E0478F /* SwiftUI.framework in Frameworks */,
				289291332E1B0FC200E0478F /* WidgetKit.framework in Frameworks */,
			);
			runOnlyForDeploymentPostprocessing = 0;
		};
/* End PBXFrameworksBuildPhase section */

/* Begin PBXGroup section */
		2804F4CF2D92275700649FD0 = {
			isa = PBXGroup;
			children = (
				2804F4DA2D92275700649FD0 /* Orhadi */,
				28453A242DB997C400AE5079 /* Tests */,
				289291352E1B0FC200E0478F /* OrhadiWidget */,
				28DEBE2A2E19FEC500E9D788 /* Frameworks */,
				2804F4D92D92275700649FD0 /* Products */,
				285D39B32DBD2C5300CDC4D0 /* Resources */,
			);
			sourceTree = "<group>";
		};
		2804F4D92D92275700649FD0 /* Products */ = {
			isa = PBXGroup;
			children = (
				2804F4D82D92275700649FD0 /* Orhadi.app */,
				28453A232DB997C400AE5079 /* OrhadiTests.xctest */,
				289291322E1B0FC200E0478F /* OrhadiWidgetExtension.appex */,
			);
			name = Products;
			sourceTree = "<group>";
		};
		28DEBE2A2E19FEC500E9D788 /* Frameworks */ = {
			isa = PBXGroup;
			children = (
				28DEBE2B2E19FEC500E9D788 /* WidgetKit.framework */,
				28DEBE2D2E19FEC500E9D788 /* SwiftUI.framework */,
			);
			name = Frameworks;
			sourceTree = "<group>";
		};
/* End PBXGroup section */

/* Begin PBXNativeTarget section */
		2804F4D72D92275700649FD0 /* Orhadi */ = {
			isa = PBXNativeTarget;
			buildConfigurationList = 2804F4E82D92275900649FD0 /* Build configuration list for PBXNativeTarget "Orhadi" */;
			buildPhases = (
				28A0B30D2DC99BEF00ACBAA3 /* Lint */,
				2804F4D42D92275700649FD0 /* Sources */,
				2804F4D52D92275700649FD0 /* Frameworks */,
				2804F4D62D92275700649FD0 /* Resources */,
				28DEBE422E19FEC700E9D788 /* Embed Foundation Extensions */,
			);
			buildRules = (
			);
			dependencies = (
				2892913E2E1B0FC400E0478F /* PBXTargetDependency */,
			);
			fileSystemSynchronizedGroups = (
				2804F4DA2D92275700649FD0 /* Orhadi */,
				285D39B32DBD2C5300CDC4D0 /* Resources */,
			);
			name = Orhadi;
			packageProductDependencies = (
				28BD45F32DAAF6BC00B916B1 /* MarkdownUI */,
				28C7B7F52DC5863900916934 /* PopupView */,
			);
			productName = Orhadi;
			productReference = 2804F4D82D92275700649FD0 /* Orhadi.app */;
			productType = "com.apple.product-type.application";
		};
		28453A222DB997C400AE5079 /* OrhadiTests */ = {
			isa = PBXNativeTarget;
			buildConfigurationList = 28453A2B2DB997C400AE5079 /* Build configuration list for PBXNativeTarget "OrhadiTests" */;
			buildPhases = (
				28453A1F2DB997C400AE5079 /* Sources */,
				28453A202DB997C400AE5079 /* Frameworks */,
				28453A212DB997C400AE5079 /* Resources */,
			);
			buildRules = (
			);
			dependencies = (
				28453A282DB997C400AE5079 /* PBXTargetDependency */,
			);
			fileSystemSynchronizedGroups = (
				28453A242DB997C400AE5079 /* Tests */,
			);
			name = OrhadiTests;
			packageProductDependencies = (
			);
			productName = OrhadiTests;
			productReference = 28453A232DB997C400AE5079 /* OrhadiTests.xctest */;
			productType = "com.apple.product-type.bundle.unit-test";
		};
		289291312E1B0FC200E0478F /* OrhadiWidgetExtension */ = {
			isa = PBXNativeTarget;
			buildConfigurationList = 289291402E1B0FC400E0478F /* Build configuration list for PBXNativeTarget "OrhadiWidgetExtension" */;
			buildPhases = (
				2892912E2E1B0FC200E0478F /* Sources */,
				2892912F2E1B0FC200E0478F /* Frameworks */,
				289291302E1B0FC200E0478F /* Resources */,
			);
			buildRules = (
			);
			dependencies = (
			);
			fileSystemSynchronizedGroups = (
				289291352E1B0FC200E0478F /* OrhadiWidget */,
			);
			name = OrhadiWidgetExtension;
			packageProductDependencies = (
			);
			productName = OrhadiWidgetExtension;
			productReference = 289291322E1B0FC200E0478F /* OrhadiWidgetExtension.appex */;
			productType = "com.apple.product-type.app-extension";
		};
/* End PBXNativeTarget section */

/* Begin PBXProject section */
		2804F4D02D92275700649FD0 /* Project object */ = {
			isa = PBXProject;
			attributes = {
				BuildIndependentTargetsInParallel = 1;
				LastSwiftUpdateCheck = 2600;
				LastUpgradeCheck = 2600;
				TargetAttributes = {
					2804F4D72D92275700649FD0 = {
						CreatedOnToolsVersion = 16.2;
					};
					28453A222DB997C400AE5079 = {
						CreatedOnToolsVersion = 16.3;
						TestTargetID = 2804F4D72D92275700649FD0;
					};
					289291312E1B0FC200E0478F = {
						CreatedOnToolsVersion = 26.0;
					};
				};
			};
			buildConfigurationList = 2804F4D32D92275700649FD0 /* Build configuration list for PBXProject "Orhadi" */;
			developmentRegion = en;
			hasScannedForEncodings = 0;
			knownRegions = (
				Base,
				"pt-BR",
				en,
			);
			mainGroup = 2804F4CF2D92275700649FD0;
			minimizedProjectReferenceProxies = 1;
			packageReferences = (
				28BD45F22DAAF6BC00B916B1 /* XCRemoteSwiftPackageReference "swift-markdown-ui" */,
				28C7B7F42DC5863900916934 /* XCRemoteSwiftPackageReference "PopupView" */,
			);
			preferredProjectObjectVersion = 77;
			productRefGroup = 2804F4D92D92275700649FD0 /* Products */;
			projectDirPath = "";
			projectRoot = "";
			targets = (
				2804F4D72D92275700649FD0 /* Orhadi */,
				28453A222DB997C400AE5079 /* OrhadiTests */,
				289291312E1B0FC200E0478F /* OrhadiWidgetExtension */,
			);
		};
/* End PBXProject section */

/* Begin PBXResourcesBuildPhase section */
		2804F4D62D92275700649FD0 /* Resources */ = {
			isa = PBXResourcesBuildPhase;
			buildActionMask = 2147483647;
			files = (
			);
			runOnlyForDeploymentPostprocessing = 0;
		};
		28453A212DB997C400AE5079 /* Resources */ = {
			isa = PBXResourcesBuildPhase;
			buildActionMask = 2147483647;
			files = (
			);
			runOnlyForDeploymentPostprocessing = 0;
		};
		289291302E1B0FC200E0478F /* Resources */ = {
			isa = PBXResourcesBuildPhase;
			buildActionMask = 2147483647;
			files = (
			);
			runOnlyForDeploymentPostprocessing = 0;
		};
/* End PBXResourcesBuildPhase section */

/* Begin PBXShellScriptBuildPhase section */
		28A0B30D2DC99BEF00ACBAA3 /* Lint */ = {
			isa = PBXShellScriptBuildPhase;
			alwaysOutOfDate = 1;
			buildActionMask = 2147483647;
			files = (
			);
			inputFileListPaths = (
			);
			inputPaths = (
			);
			name = Lint;
			outputFileListPaths = (
			);
			outputPaths = (
			);
			runOnlyForDeploymentPostprocessing = 0;
			shellPath = /bin/sh;
			shellScript = "if command -v swiftlint >/dev/null 2>&1\nthen\n    swiftlint\nelse\n    echo \"warning: `swiftlint` command not found - See https://github.com/realm/SwiftLint#installation for installation instructions.\"\nfi\n";
		};
/* End PBXShellScriptBuildPhase section */

/* Begin PBXSourcesBuildPhase section */
		2804F4D42D92275700649FD0 /* Sources */ = {
			isa = PBXSourcesBuildPhase;
			buildActionMask = 2147483647;
			files = (
			);
			runOnlyForDeploymentPostprocessing = 0;
		};
		28453A1F2DB997C400AE5079 /* Sources */ = {
			isa = PBXSourcesBuildPhase;
			buildActionMask = 2147483647;
			files = (
			);
			runOnlyForDeploymentPostprocessing = 0;
		};
		2892912E2E1B0FC200E0478F /* Sources */ = {
			isa = PBXSourcesBuildPhase;
			buildActionMask = 2147483647;
			files = (
			);
			runOnlyForDeploymentPostprocessing = 0;
		};
/* End PBXSourcesBuildPhase section */

/* Begin PBXTargetDependency section */
		28453A282DB997C400AE5079 /* PBXTargetDependency */ = {
			isa = PBXTargetDependency;
			target = 2804F4D72D92275700649FD0 /* Orhadi */;
			targetProxy = 28453A272DB997C400AE5079 /* PBXContainerItemProxy */;
		};
		2892913E2E1B0FC400E0478F /* PBXTargetDependency */ = {
			isa = PBXTargetDependency;
			target = 289291312E1B0FC200E0478F /* OrhadiWidgetExtension */;
			targetProxy = 2892913D2E1B0FC400E0478F /* PBXContainerItemProxy */;
		};
/* End PBXTargetDependency section */

/* Begin XCBuildConfiguration section */
		2804F4E62D92275900649FD0 /* Debug */ = {
			isa = XCBuildConfiguration;
			buildSettings = {
				ALWAYS_SEARCH_USER_PATHS = NO;
				ASSETCATALOG_COMPILER_GENERATE_SWIFT_ASSET_SYMBOL_EXTENSIONS = YES;
				CLANG_ANALYZER_LOCALIZABILITY_NONLOCALIZED = YES;
				CLANG_ANALYZER_NONNULL = YES;
				CLANG_ANALYZER_NUMBER_OBJECT_CONVERSION = YES_AGGRESSIVE;
				CLANG_CXX_LANGUAGE_STANDARD = "gnu++20";
				CLANG_ENABLE_MODULES = YES;
				CLANG_ENABLE_OBJC_ARC = YES;
				CLANG_ENABLE_OBJC_WEAK = YES;
				CLANG_WARN_BLOCK_CAPTURE_AUTORELEASING = YES;
				CLANG_WARN_BOOL_CONVERSION = YES;
				CLANG_WARN_COMMA = YES;
				CLANG_WARN_CONSTANT_CONVERSION = YES;
				CLANG_WARN_DEPRECATED_OBJC_IMPLEMENTATIONS = YES;
				CLANG_WARN_DIRECT_OBJC_ISA_USAGE = YES_ERROR;
				CLANG_WARN_DOCUMENTATION_COMMENTS = YES;
				CLANG_WARN_EMPTY_BODY = YES;
				CLANG_WARN_ENUM_CONVERSION = YES;
				CLANG_WARN_INFINITE_RECURSION = YES;
				CLANG_WARN_INT_CONVERSION = YES;
				CLANG_WARN_NON_LITERAL_NULL_CONVERSION = YES;
				CLANG_WARN_OBJC_IMPLICIT_RETAIN_SELF = YES;
				CLANG_WARN_OBJC_LITERAL_CONVERSION = YES;
				CLANG_WARN_OBJC_ROOT_CLASS = YES_ERROR;
				CLANG_WARN_QUOTED_INCLUDE_IN_FRAMEWORK_HEADER = YES;
				CLANG_WARN_RANGE_LOOP_ANALYSIS = YES;
				CLANG_WARN_STRICT_PROTOTYPES = YES;
				CLANG_WARN_SUSPICIOUS_MOVE = YES;
				CLANG_WARN_UNGUARDED_AVAILABILITY = YES_AGGRESSIVE;
				CLANG_WARN_UNREACHABLE_CODE = YES;
				CLANG_WARN__DUPLICATE_METHOD_MATCH = YES;
				COPY_PHASE_STRIP = NO;
				CURRENT_PROJECT_VERSION = "";
				DEBUG_INFORMATION_FORMAT = dwarf;
				DEVELOPMENT_TEAM = XJ8LRTT74C;
				ENABLE_STRICT_OBJC_MSGSEND = YES;
				ENABLE_TESTABILITY = YES;
				ENABLE_USER_SCRIPT_SANDBOXING = NO;
				GCC_C_LANGUAGE_STANDARD = gnu17;
				GCC_DYNAMIC_NO_PIC = NO;
				GCC_NO_COMMON_BLOCKS = YES;
				GCC_OPTIMIZATION_LEVEL = 0;
				GCC_PREPROCESSOR_DEFINITIONS = (
					"DEBUG=1",
					"$(inherited)",
				);
				GCC_WARN_64_TO_32_BIT_CONVERSION = YES;
				GCC_WARN_ABOUT_RETURN_TYPE = YES_ERROR;
				GCC_WARN_UNDECLARED_SELECTOR = YES;
				GCC_WARN_UNINITIALIZED_AUTOS = YES_AGGRESSIVE;
				GCC_WARN_UNUSED_FUNCTION = YES;
				GCC_WARN_UNUSED_VARIABLE = YES;
				GENERATE_INFOPLIST_FILE = YES;
				IPHONEOS_DEPLOYMENT_TARGET = 18.2;
				LOCALIZATION_PREFERS_STRING_CATALOGS = YES;
				MARKETING_VERSION = "";
				MTL_ENABLE_DEBUG_INFO = INCLUDE_SOURCE;
				MTL_FAST_MATH = YES;
				ONLY_ACTIVE_ARCH = YES;
				SDKROOT = iphoneos;
				STRING_CATALOG_GENERATE_SYMBOLS = YES;
				SWIFT_ACTIVE_COMPILATION_CONDITIONS = "DEBUG $(inherited)";
				SWIFT_EMIT_LOC_STRINGS = YES;
				SWIFT_OPTIMIZATION_LEVEL = "-Onone";
			};
			name = Debug;
		};
		2804F4E72D92275900649FD0 /* Release */ = {
			isa = XCBuildConfiguration;
			buildSettings = {
				ALWAYS_SEARCH_USER_PATHS = NO;
				ASSETCATALOG_COMPILER_GENERATE_SWIFT_ASSET_SYMBOL_EXTENSIONS = YES;
				CLANG_ANALYZER_LOCALIZABILITY_NONLOCALIZED = YES;
				CLANG_ANALYZER_NONNULL = YES;
				CLANG_ANALYZER_NUMBER_OBJECT_CONVERSION = YES_AGGRESSIVE;
				CLANG_CXX_LANGUAGE_STANDARD = "gnu++20";
				CLANG_ENABLE_MODULES = YES;
				CLANG_ENABLE_OBJC_ARC = YES;
				CLANG_ENABLE_OBJC_WEAK = YES;
				CLANG_WARN_BLOCK_CAPTURE_AUTORELEASING = YES;
				CLANG_WARN_BOOL_CONVERSION = YES;
				CLANG_WARN_COMMA = YES;
				CLANG_WARN_CONSTANT_CONVERSION = YES;
				CLANG_WARN_DEPRECATED_OBJC_IMPLEMENTATIONS = YES;
				CLANG_WARN_DIRECT_OBJC_ISA_USAGE = YES_ERROR;
				CLANG_WARN_DOCUMENTATION_COMMENTS = YES;
				CLANG_WARN_EMPTY_BODY = YES;
				CLANG_WARN_ENUM_CONVERSION = YES;
				CLANG_WARN_INFINITE_RECURSION = YES;
				CLANG_WARN_INT_CONVERSION = YES;
				CLANG_WARN_NON_LITERAL_NULL_CONVERSION = YES;
				CLANG_WARN_OBJC_IMPLICIT_RETAIN_SELF = YES;
				CLANG_WARN_OBJC_LITERAL_CONVERSION = YES;
				CLANG_WARN_OBJC_ROOT_CLASS = YES_ERROR;
				CLANG_WARN_QUOTED_INCLUDE_IN_FRAMEWORK_HEADER = YES;
				CLANG_WARN_RANGE_LOOP_ANALYSIS = YES;
				CLANG_WARN_STRICT_PROTOTYPES = YES;
				CLANG_WARN_SUSPICIOUS_MOVE = YES;
				CLANG_WARN_UNGUARDED_AVAILABILITY = YES_AGGRESSIVE;
				CLANG_WARN_UNREACHABLE_CODE = YES;
				CLANG_WARN__DUPLICATE_METHOD_MATCH = YES;
				COPY_PHASE_STRIP = NO;
				CURRENT_PROJECT_VERSION = "";
				DEBUG_INFORMATION_FORMAT = "dwarf-with-dsym";
				DEVELOPMENT_TEAM = XJ8LRTT74C;
				ENABLE_NS_ASSERTIONS = NO;
				ENABLE_STRICT_OBJC_MSGSEND = YES;
				ENABLE_USER_SCRIPT_SANDBOXING = NO;
				GCC_C_LANGUAGE_STANDARD = gnu17;
				GCC_NO_COMMON_BLOCKS = YES;
				GCC_WARN_64_TO_32_BIT_CONVERSION = YES;
				GCC_WARN_ABOUT_RETURN_TYPE = YES_ERROR;
				GCC_WARN_UNDECLARED_SELECTOR = YES;
				GCC_WARN_UNINITIALIZED_AUTOS = YES_AGGRESSIVE;
				GCC_WARN_UNUSED_FUNCTION = YES;
				GCC_WARN_UNUSED_VARIABLE = YES;
				GENERATE_INFOPLIST_FILE = YES;
				IPHONEOS_DEPLOYMENT_TARGET = 18.2;
				LOCALIZATION_PREFERS_STRING_CATALOGS = YES;
				MARKETING_VERSION = "";
				MTL_ENABLE_DEBUG_INFO = NO;
				MTL_FAST_MATH = YES;
				SDKROOT = iphoneos;
				STRING_CATALOG_GENERATE_SYMBOLS = YES;
				SWIFT_COMPILATION_MODE = wholemodule;
				SWIFT_EMIT_LOC_STRINGS = YES;
				VALIDATE_PRODUCT = YES;
			};
			name = Release;
		};
		2804F4E92D92275900649FD0 /* Debug */ = {
			isa = XCBuildConfiguration;
			baseConfigurationReferenceAnchor = 2804F4DA2D92275700649FD0 /* Orhadi */;
			baseConfigurationReferenceRelativePath = Config.xcconfig;
			buildSettings = {
				ASSETCATALOG_COMPILER_APPICON_NAME = OrhadiIcon;
				ASSETCATALOG_COMPILER_GLOBAL_ACCENT_COLOR_NAME = AccentColor;
				ASSETCATALOG_COMPILER_INCLUDE_ALL_APPICON_ASSETS = YES;
				CLANG_USE_OPTIMIZATION_PROFILE = YES;
				CODE_SIGN_ENTITLEMENTS = Orhadi/Orhadi.entitlements;
				CODE_SIGN_STYLE = Automatic;
				CURRENT_PROJECT_VERSION = O221025OHDB;
				DEVELOPMENT_ASSET_PATHS = "";
				ENABLE_APP_SANDBOX = YES;
				ENABLE_FILE_ACCESS_DOWNLOADS_FOLDER = readwrite;
				ENABLE_OUTGOING_NETWORK_CONNECTIONS = YES;
				ENABLE_PREVIEWS = YES;
				ENABLE_USER_SELECTED_FILES = readwrite;
				GENERATE_INFOPLIST_FILE = YES;
				INFOPLIST_FILE = "";
				INFOPLIST_KEY_CFBundleDisplayName = Orhadi;
				INFOPLIST_KEY_LSApplicationCategoryType = "public.app-category.productivity";
				INFOPLIST_KEY_NSSupportsLiveActivities = YES;
				INFOPLIST_KEY_UIApplicationSceneManifest_Generation = YES;
				INFOPLIST_KEY_UIApplicationSupportsIndirectInputEvents = YES;
				INFOPLIST_KEY_UILaunchStoryboardName = "Launch Screen";
				INFOPLIST_KEY_UIStatusBarHidden = YES;
				INFOPLIST_KEY_UISupportedInterfaceOrientations = UIInterfaceOrientationPortrait;
				INFOPLIST_KEY_UISupportedInterfaceOrientations_iPad = "UIInterfaceOrientationPortrait UIInterfaceOrientationPortraitUpsideDown";
				INFOPLIST_PREPROCESS = NO;
				IPHONEOS_DEPLOYMENT_TARGET = 18.0;
				LD_RUNPATH_SEARCH_PATHS = (
					"$(inherited)",
					"@executable_path/Frameworks",
				);
				MARKETING_VERSION = "4.0.0 Beta";
				PRODUCT_BUNDLE_IDENTIFIER = "com.Zyvoxi-Industries.Orhadi";
				PRODUCT_NAME = "$(TARGET_NAME)";
				REGISTER_APP_GROUPS = NO;
				SUPPORTED_PLATFORMS = "iphoneos iphonesimulator";
				SUPPORTS_MACCATALYST = NO;
				SUPPORTS_MAC_DESIGNED_FOR_IPHONE_IPAD = NO;
				SUPPORTS_XR_DESIGNED_FOR_IPHONE_IPAD = NO;
				SWIFT_EMIT_LOC_STRINGS = YES;
				SWIFT_VERSION = 5.0;
				TARGETED_DEVICE_FAMILY = 1;
				VERSIONING_SYSTEM = "";
			};
			name = Debug;
		};
		2804F4EA2D92275900649FD0 /* Release */ = {
			isa = XCBuildConfiguration;
			baseConfigurationReferenceAnchor = 2804F4DA2D92275700649FD0 /* Orhadi */;
			baseConfigurationReferenceRelativePath = Config.xcconfig;
			buildSettings = {
				ASSETCATALOG_COMPILER_APPICON_NAME = OrhadiIcon;
				ASSETCATALOG_COMPILER_GLOBAL_ACCENT_COLOR_NAME = AccentColor;
				ASSETCATALOG_COMPILER_INCLUDE_ALL_APPICON_ASSETS = YES;
				CLANG_USE_OPTIMIZATION_PROFILE = YES;
				CODE_SIGN_ENTITLEMENTS = Orhadi/Orhadi.entitlements;
				CODE_SIGN_STYLE = Automatic;
				CURRENT_PROJECT_VERSION = O221025OHDB;
				DEVELOPMENT_ASSET_PATHS = "";
				ENABLE_APP_SANDBOX = YES;
				ENABLE_FILE_ACCESS_DOWNLOADS_FOLDER = readwrite;
				ENABLE_OUTGOING_NETWORK_CONNECTIONS = YES;
				ENABLE_PREVIEWS = YES;
				ENABLE_USER_SELECTED_FILES = readwrite;
				GENERATE_INFOPLIST_FILE = YES;
				INFOPLIST_FILE = "";
				INFOPLIST_KEY_CFBundleDisplayName = Orhadi;
				INFOPLIST_KEY_LSApplicationCategoryType = "public.app-category.productivity";
				INFOPLIST_KEY_NSSupportsLiveActivities = YES;
				INFOPLIST_KEY_UIApplicationSceneManifest_Generation = YES;
				INFOPLIST_KEY_UIApplicationSupportsIndirectInputEvents = YES;
				INFOPLIST_KEY_UILaunchStoryboardName = "Launch Screen";
				INFOPLIST_KEY_UIStatusBarHidden = YES;
				INFOPLIST_KEY_UISupportedInterfaceOrientations = UIInterfaceOrientationPortrait;
				INFOPLIST_KEY_UISupportedInterfaceOrientations_iPad = "UIInterfaceOrientationPortrait UIInterfaceOrientationPortraitUpsideDown";
				INFOPLIST_PREPROCESS = NO;
				IPHONEOS_DEPLOYMENT_TARGET = 18.0;
				LD_RUNPATH_SEARCH_PATHS = (
					"$(inherited)",
					"@executable_path/Frameworks",
				);
				MARKETING_VERSION = "4.0.0 Beta";
				PRODUCT_BUNDLE_IDENTIFIER = "com.Zyvoxi-Industries.Orhadi";
				PRODUCT_NAME = "$(TARGET_NAME)";
				REGISTER_APP_GROUPS = NO;
				SUPPORTED_PLATFORMS = "iphoneos iphonesimulator";
				SUPPORTS_MACCATALYST = NO;
				SUPPORTS_MAC_DESIGNED_FOR_IPHONE_IPAD = NO;
				SUPPORTS_XR_DESIGNED_FOR_IPHONE_IPAD = NO;
				SWIFT_EMIT_LOC_STRINGS = YES;
				SWIFT_VERSION = 5.0;
				TARGETED_DEVICE_FAMILY = 1;
				VERSIONING_SYSTEM = "";
			};
			name = Release;
		};
		28453A292DB997C400AE5079 /* Debug */ = {
			isa = XCBuildConfiguration;
			buildSettings = {
				BUNDLE_LOADER = "$(TEST_HOST)";
				CODE_SIGN_STYLE = Automatic;
				CURRENT_PROJECT_VERSION = 20250426;
				DEVELOPMENT_TEAM = XJ8LRTT74C;
				GENERATE_INFOPLIST_FILE = YES;
				IPHONEOS_DEPLOYMENT_TARGET = 18.0;
				MARKETING_VERSION = 1.0;
				PRODUCT_BUNDLE_IDENTIFIER = "com.Zyvoxi-Industries.OrhadiTests";
				PRODUCT_NAME = "$(TARGET_NAME)";
				SWIFT_EMIT_LOC_STRINGS = NO;
				SWIFT_VERSION = 5.0;
				TARGETED_DEVICE_FAMILY = "1,2";
				TEST_HOST = "$(BUILT_PRODUCTS_DIR)/Orhadi.app/$(BUNDLE_EXECUTABLE_FOLDER_PATH)/Orhadi";
			};
			name = Debug;
		};
		28453A2A2DB997C400AE5079 /* Release */ = {
			isa = XCBuildConfiguration;
			buildSettings = {
				BUNDLE_LOADER = "$(TEST_HOST)";
				CODE_SIGN_STYLE = Automatic;
				CURRENT_PROJECT_VERSION = 20250426;
				DEVELOPMENT_TEAM = XJ8LRTT74C;
				GENERATE_INFOPLIST_FILE = YES;
				IPHONEOS_DEPLOYMENT_TARGET = 18.0;
				MARKETING_VERSION = 1.0;
				PRODUCT_BUNDLE_IDENTIFIER = "com.Zyvoxi-Industries.OrhadiTests";
				PRODUCT_NAME = "$(TARGET_NAME)";
				SWIFT_EMIT_LOC_STRINGS = NO;
				SWIFT_VERSION = 5.0;
				TARGETED_DEVICE_FAMILY = "1,2";
				TEST_HOST = "$(BUILT_PRODUCTS_DIR)/Orhadi.app/$(BUNDLE_EXECUTABLE_FOLDER_PATH)/Orhadi";
			};
			name = Release;
		};
		289291412E1B0FC400E0478F /* Debug */ = {
			isa = XCBuildConfiguration;
			buildSettings = {
				ASSETCATALOG_COMPILER_GLOBAL_ACCENT_COLOR_NAME = AccentColor;
				ASSETCATALOG_COMPILER_WIDGET_BACKGROUND_COLOR_NAME = WidgetBackground;
				CODE_SIGN_ENTITLEMENTS = OrhadiWidgetExtension.entitlements;
				CODE_SIGN_STYLE = Automatic;
				CURRENT_PROJECT_VERSION = O221025OHDB;
				ENABLE_USER_SCRIPT_SANDBOXING = YES;
				GENERATE_INFOPLIST_FILE = YES;
				INFOPLIST_FILE = OrhadiWidget/Info.plist;
				INFOPLIST_KEY_CFBundleDisplayName = OrhadiWidget;
				INFOPLIST_KEY_NSHumanReadableCopyright = "";
				IPHONEOS_DEPLOYMENT_TARGET = 18.0;
				LD_RUNPATH_SEARCH_PATHS = (
					"$(inherited)",
					"@executable_path/Frameworks",
					"@executable_path/../../Frameworks",
				);
				MARKETING_VERSION = "4.0.0 Beta";
				PRODUCT_BUNDLE_IDENTIFIER = "com.Zyvoxi-Industries.Orhadi.OrhadiWidget";
				PRODUCT_NAME = "$(TARGET_NAME)";
				SKIP_INSTALL = YES;
				STRING_CATALOG_GENERATE_SYMBOLS = YES;
				SWIFT_EMIT_LOC_STRINGS = YES;
				SWIFT_UPCOMING_FEATURE_MEMBER_IMPORT_VISIBILITY = YES;
				SWIFT_VERSION = 5.0;
				TARGETED_DEVICE_FAMILY = "1,2";
			};
			name = Debug;
		};
		289291422E1B0FC400E0478F /* Release */ = {
			isa = XCBuildConfiguration;
			buildSettings = {
				ASSETCATALOG_COMPILER_GLOBAL_ACCENT_COLOR_NAME = AccentColor;
				ASSETCATALOG_COMPILER_WIDGET_BACKGROUND_COLOR_NAME = WidgetBackground;
				CODE_SIGN_ENTITLEMENTS = OrhadiWidgetExtension.entitlements;
				CODE_SIGN_STYLE = Automatic;
				CURRENT_PROJECT_VERSION = O221025OHDB;
				ENABLE_USER_SCRIPT_SANDBOXING = YES;
				GENERATE_INFOPLIST_FILE = YES;
				INFOPLIST_FILE = OrhadiWidget/Info.plist;
				INFOPLIST_KEY_CFBundleDisplayName = OrhadiWidget;
				INFOPLIST_KEY_NSHumanReadableCopyright = "";
				IPHONEOS_DEPLOYMENT_TARGET = 18.0;
				LD_RUNPATH_SEARCH_PATHS = (
					"$(inherited)",
					"@executable_path/Frameworks",
					"@executable_path/../../Frameworks",
				);
				MARKETING_VERSION = "4.0.0 Beta";
				PRODUCT_BUNDLE_IDENTIFIER = "com.Zyvoxi-Industries.Orhadi.OrhadiWidget";
				PRODUCT_NAME = "$(TARGET_NAME)";
				SKIP_INSTALL = YES;
				STRING_CATALOG_GENERATE_SYMBOLS = YES;
				SWIFT_EMIT_LOC_STRINGS = YES;
				SWIFT_UPCOMING_FEATURE_MEMBER_IMPORT_VISIBILITY = YES;
				SWIFT_VERSION = 5.0;
				TARGETED_DEVICE_FAMILY = "1,2";
			};
			name = Release;
		};
/* End XCBuildConfiguration section */

/* Begin XCConfigurationList section */
		2804F4D32D92275700649FD0 /* Build configuration list for PBXProject "Orhadi" */ = {
			isa = XCConfigurationList;
			buildConfigurations = (
				2804F4E62D92275900649FD0 /* Debug */,
				2804F4E72D92275900649FD0 /* Release */,
			);
			defaultConfigurationIsVisible = 0;
			defaultConfigurationName = Release;
		};
		2804F4E82D92275900649FD0 /* Build configuration list for PBXNativeTarget "Orhadi" */ = {
			isa = XCConfigurationList;
			buildConfigurations = (
				2804F4E92D92275900649FD0 /* Debug */,
				2804F4EA2D92275900649FD0 /* Release */,
			);
			defaultConfigurationIsVisible = 0;
			defaultConfigurationName = Release;
		};
		28453A2B2DB997C400AE5079 /* Build configuration list for PBXNativeTarget "OrhadiTests" */ = {
			isa = XCConfigurationList;
			buildConfigurations = (
				28453A292DB997C400AE5079 /* Debug */,
				28453A2A2DB997C400AE5079 /* Release */,
			);
			defaultConfigurationIsVisible = 0;
			defaultConfigurationName = Release;
		};
		289291402E1B0FC400E0478F /* Build configuration list for PBXNativeTarget "OrhadiWidgetExtension" */ = {
			isa = XCConfigurationList;
			buildConfigurations = (
				289291412E1B0FC400E0478F /* Debug */,
				289291422E1B0FC400E0478F /* Release */,
			);
			defaultConfigurationIsVisible = 0;
			defaultConfigurationName = Release;
		};
/* End XCConfigurationList section */

/* Begin XCRemoteSwiftPackageReference section */
		28BD45F22DAAF6BC00B916B1 /* XCRemoteSwiftPackageReference "swift-markdown-ui" */ = {
			isa = XCRemoteSwiftPackageReference;
			repositoryURL = "https://github.com/gonzalezreal/swift-markdown-ui";
			requirement = {
				kind = upToNextMajorVersion;
				minimumVersion = 2.4.1;
			};
		};
		28C7B7F42DC5863900916934 /* XCRemoteSwiftPackageReference "PopupView" */ = {
			isa = XCRemoteSwiftPackageReference;
			repositoryURL = "https://github.com/exyte/PopupView.git";
			requirement = {
				kind = upToNextMajorVersion;
				minimumVersion = 4.1.7;
			};
		};
/* End XCRemoteSwiftPackageReference section */

/* Begin XCSwiftPackageProductDependency section */
		28BD45F32DAAF6BC00B916B1 /* MarkdownUI */ = {
			isa = XCSwiftPackageProductDependency;
			package = 28BD45F22DAAF6BC00B916B1 /* XCRemoteSwiftPackageReference "swift-markdown-ui" */;
			productName = MarkdownUI;
		};
		28C7B7F52DC5863900916934 /* PopupView */ = {
			isa = XCSwiftPackageProductDependency;
			package = 28C7B7F42DC5863900916934 /* XCRemoteSwiftPackageReference "PopupView" */;
			productName = PopupView;
		};
/* End XCSwiftPackageProductDependency section */
	};
	rootObject = 2804F4D02D92275700649FD0 /* Project object */;
}
